
Microsoft Visual Studio Solution File, Format Version 12.00
# Visual Studio 15
VisualStudioVersion = 15.0.28307.705
MinimumVisualStudioVersion = 10.0.40219.1
Project("{FAE04EC0-301F-11D3-BF4B-00C04F79EFBC}") = "Patnashki_serialization", "Patnashki_serialization\Patnashki_serialization.csproj", "{21AD5C74-B74F-4535-9278-9356B371BF97}"
EndProject
Global
	GlobalSection(SolutionConfigurationPlatforms) = preSolution
		Debug|Any CPU = Debug|Any CPU
		Release|Any CPU = Release|Any CPU
	EndGlobalSection
	GlobalSection(ProjectConfigurationPlatforms) = postSolution
		{21AD5C74-B74F-4535-9278-9356B371BF97}.Debug|Any CPU.ActiveCfg = Debug|Any CPU
		{21AD5C74-B74F-4535-9278-9356B371BF97}.Debug|Any CPU.Build.0 = Debug|Any CPU
		{21AD5C74-B74F-4535-9278-9356B371BF97}.Release|Any CPU.ActiveCfg = Release|Any CPU
		{21AD5C74-B74F-4535-9278-9356B371BF97}.Release|Any CPU.Build.0 = Release|Any CPU
	EndGlobalSection
	GlobalSection(SolutionProperties) = preSolution
		HideSolutionNode = FALSE
	EndGlobalSection
	GlobalSection(ExtensibilityGlobals) = postSolution
		SolutionGuid = {B463D0E5-854B-4884-874E-F842AD25E490}
	EndGlobalSection
EndGlobal
