
Microsoft Visual Studio Solution File, Format Version 12.00
# Visual Studio Version 16
VisualStudioVersion = 16.0.31112.23
MinimumVisualStudioVersion = 10.0.40219.1
Project("{FAE04EC0-301F-11D3-BF4B-00C04F79EFBC}") = "Durak", "Durak\Durak.csproj", "{9373F5DA-6C69-4650-A626-399F59F40C16}"
EndProject
Global
	GlobalSection(SolutionConfigurationPlatforms) = preSolution
		Debug|Any CPU = Debug|Any CPU
		Release|Any CPU = Release|Any CPU
	EndGlobalSection
	GlobalSection(ProjectConfigurationPlatforms) = postSolution
		{9373F5DA-6C69-4650-A626-399F59F40C16}.Debug|Any CPU.ActiveCfg = Debug|Any CPU
		{9373F5DA-6C69-4650-A626-399F59F40C16}.Debug|Any CPU.Build.0 = Debug|Any CPU
		{9373F5DA-6C69-4650-A626-399F59F40C16}.Release|Any CPU.ActiveCfg = Release|Any CPU
		{9373F5DA-6C69-4650-A626-399F59F40C16}.Release|Any CPU.Build.0 = Release|Any CPU
	EndGlobalSection
	GlobalSection(SolutionProperties) = preSolution
		HideSolutionNode = FALSE
	EndGlobalSection
	GlobalSection(ExtensibilityGlobals) = postSolution
		SolutionGuid = {0DD84BE2-7EF4-4866-B248-39E4A9AA7822}
	EndGlobalSection
EndGlobal
